
Microsoft Visual Studio Solution File, Format Version 12.00
# Visual Studio Version 17
VisualStudioVersion = 17.3.32825.248
MinimumVisualStudioVersion = 10.0.40219.1
Project("{FAE04EC0-301F-11D3-BF4B-00C04F79EFBC}") = "Proekt", "Proekt\Proekt.csproj", "{D2ED7B86-F4CD-4F46-9B50-11D577EA922D}"
EndProject
Global
	GlobalSection(SolutionConfigurationPlatforms) = preSolution
		Debug|Any CPU = Debug|Any CPU
		Release|Any CPU = Release|Any CPU
	EndGlobalSection
	GlobalSection(ProjectConfigurationPlatforms) = postSolution
		{D2ED7B86-F4CD-4F46-9B50-11D577EA922D}.Debug|Any CPU.ActiveCfg = Debug|Any CPU
		{D2ED7B86-F4CD-4F46-9B50-11D577EA922D}.Debug|Any CPU.Build.0 = Debug|Any CPU
		{D2ED7B86-F4CD-4F46-9B50-11D577EA922D}.Release|Any CPU.ActiveCfg = Release|Any CPU
		{D2ED7B86-F4CD-4F46-9B50-11D577EA922D}.Release|Any CPU.Build.0 = Release|Any CPU
	EndGlobalSection
	GlobalSection(SolutionProperties) = preSolution
		HideSolutionNode = FALSE
	EndGlobalSection
	GlobalSection(ExtensibilityGlobals) = postSolution
		SolutionGuid = {4CE50A88-B84C-4428-BF37-FE44799214CF}
	EndGlobalSection
EndGlobal
